
Microsoft Visual Studio Solution File, Format Version 12.00
# Visual Studio Version 17
VisualStudioVersion = 17.1.32210.238
MinimumVisualStudioVersion = 10.0.40219.1
Project("{FAE04EC0-301F-11D3-BF4B-00C04F79EFBC}") = "asp-mvc-5-freshworks-oauth", "asp-mvc-5-freshworks-oauth.csproj", "{ED8842BF-74D4-42F8-AF22-E8997DB4E18D}"
EndProject
Global
	GlobalSection(SolutionConfigurationPlatforms) = preSolution
		Debug|Any CPU = Debug|Any CPU
		Release|Any CPU = Release|Any CPU
	EndGlobalSection
	GlobalSection(ProjectConfigurationPlatforms) = postSolution
		{ED8842BF-74D4-42F8-AF22-E8997DB4E18D}.Debug|Any CPU.ActiveCfg = Debug|Any CPU
		{ED8842BF-74D4-42F8-AF22-E8997DB4E18D}.Debug|Any CPU.Build.0 = Debug|Any CPU
		{ED8842BF-74D4-42F8-AF22-E8997DB4E18D}.Release|Any CPU.ActiveCfg = Release|Any CPU
		{ED8842BF-74D4-42F8-AF22-E8997DB4E18D}.Release|Any CPU.Build.0 = Release|Any CPU
	EndGlobalSection
	GlobalSection(SolutionProperties) = preSolution
		HideSolutionNode = FALSE
	EndGlobalSection
	GlobalSection(ExtensibilityGlobals) = postSolution
		SolutionGuid = {C0472A6C-8BD9-4378-B4FB-92B2BC6381F8}
	EndGlobalSection
EndGlobal
